<Solution>
  <Project Path="Konu02TipDonusumleri/Konu02TipDonusumleri.csproj" Id="7e2be047-1bed-4183-b374-16b2538e4096" />
  <Project Path="konu03operatorler/konu03operatorler.csproj" Id="de961d9f-7645-4c5b-9722-e4132a6d5b20" />
  <Project Path="Konu04KararYapilari/Konu04KararYapilari.csproj" Id="590bed62-4a9d-41e0-9f7b-a7f546dc298f" />
  <Project Path="Konu06Diziler/Konu06Diziler.csproj" Id="66b95c88-752c-4f05-9684-d6da5b5e8d11" />
  <Project Path="Konu07Donguler/Konu07Donguler.csproj" Id="1706e800-c278-4f8f-82bb-a60649cadab4" />
  <Project Path="Konu08SiniflarClasses/Konu08SiniflarClasses.csproj" Id="e80f4874-8c67-48d9-90e3-1d6ab8ea8e73" />
  <Project Path="Konu09StructYapilar/Konu09StructYapilar.csproj" Id="321fe89a-a26a-4e11-86d5-a66fd5fe0ede" />
  <Project Path="Konu10StringSinifi/Konu10StringSinifi.csproj" Id="06028f2b-ff83-459c-895c-b1a1ab44d185" />
  <Project Path="Konu11Enumlar/Konu11Enumlar.csproj" Id="dbd1efd8-5d62-40dd-b1a5-d1d1ccbc35e0" />
  <Project Path="Konu12KalitimInheritence/Konu12KalitimInheritence.csproj" Id="8c3a2383-b617-4401-8e51-0d5b60ecbb1b" />
  <Project Path="Konu13KapsullemeEncapsulation/Konu13KapsullemeEncapsulation.csproj" Id="8c7f64ed-807d-4425-b70e-aa2dc2d5d117" />
  <Project Path="Konu14InterfacesArayuzler/Konu14InterfacesArayuzler.csproj" Id="65087fab-98e7-4566-9228-9860d4fd2c02" />
  <Project Path="Konu15AbstractClasses/Konu15AbstractClasses.csproj" Id="e750155a-e2a2-4fa7-ab58-3adad2f4e1c8" />
  <Project Path="Konu16CollectionsKoleksiyonlar/Konu16CollectionsKoleksiyonlar.csproj" Id="ad88e9e5-5f07-45f6-923a-2cef37810dc6" />
  <Project Path="Konu17HataYonetimi/Konu17HataYonetimi.csproj" Id="74ef50bd-68f7-4ebf-a829-a81a584fee79" />
  <Project Path="Konu18SOLIDPrensipleri/Konu18SOLIDPrensipleri.csproj" Id="88923f83-5319-479c-bd93-8a783ecabea1" />
  <Project Path="KonuMetodlar/Konu05Metodlar.csproj" Id="b97c9fc3-0326-4f26-a245-dfffd0f393d2" />
  <Project Path="Shubfullstack3/Konu01Degiskenler.csproj" />
  <Project Path="WindowsFormsAppAdonetCRUD/WindowsFormsAppAdonetCRUD.csproj" Id="da9e8902-68f9-4f27-bb13-f2b4771129d6" />
  <Project Path="WindowsFormsAppEntityFrameworkCRUD/WindowsFormsAppEntityFrameworkCRUD.csproj" Id="df3eebde-f18e-4beb-b6d9-71442f709cd1" />
  <Project Path="WindowsFormsEgitimi/WindowsFormsEgitimi.csproj" Id="a79dde77-990f-4c4e-818d-c15aed57bfca" />
</Solution>
