<Solution>
  <Project Path="Konu02TipDonusumleri/Konu02TipDonusumleri.csproj" Id="7e2be047-1bed-4183-b374-16b2538e4096" />
  <Project Path="konu03operatorler/konu03operatorler.csproj" Id="de961d9f-7645-4c5b-9722-e4132a6d5b20" />
  <Project Path="Konu04KararYapilari/Konu04KararYapilari.csproj" Id="590bed62-4a9d-41e0-9f7b-a7f546dc298f" />
  <Project Path="Konu06Diziler/Konu06Diziler.csproj" Id="66b95c88-752c-4f05-9684-d6da5b5e8d11" />
  <Project Path="Konu07Donguler/Konu07Donguler.csproj" Id="1706e800-c278-4f8f-82bb-a60649cadab4" />
  <Project Path="Konu08SiniflarClasses/Konu08SiniflarClasses.csproj" Id="e80f4874-8c67-48d9-90e3-1d6ab8ea8e73" />
  <Project Path="KonuMetodlar/Konu05Metodlar.csproj" Id="b97c9fc3-0326-4f26-a245-dfffd0f393d2" />
  <Project Path="Shubfullstack3/Konu01Degiskenler.csproj" />
</Solution>
